// !$*UTF8*$!
{
	archiveVersion = 1;
	classes = {
	};
	objectVersion = 56;
	objects = {

/* Begin PBXBuildFile section */
		C73D1A46299B803100D3752F /* AppDelegate.swift in Sources */ = {isa = PBXBuildFile; fileRef = C73D1A45299B803100D3752F /* AppDelegate.swift */; };
		C73D1A48299B803100D3752F /* SceneDelegate.swift in Sources */ = {isa = PBXBuildFile; fileRef = C73D1A47299B803100D3752F /* SceneDelegate.swift */; };
		C73D1A4A299B803100D3752F /* ViewController.swift in Sources */ = {isa = PBXBuildFile; fileRef = C73D1A49299B803100D3752F /* ViewController.swift */; };
		C73D1A4D299B803100D3752F /* Main.storyboard in Resources */ = {isa = PBXBuildFile; fileRef = C73D1A4B299B803100D3752F /* Main.storyboard */; };
		C73D1A4F299B803300D3752F /* Assets.xcassets in Resources */ = {isa = PBXBuildFile; fileRef = C73D1A4E299B803300D3752F /* Assets.xcassets */; };
		C73D1A52299B803300D3752F /* LaunchScreen.storyboard in Resources */ = {isa = PBXBuildFile; fileRef = C73D1A50299B803300D3752F /* LaunchScreen.storyboard */; };
		C73D1A5E299B819C00D3752F /* LaunchVC.swift in Sources */ = {isa = PBXBuildFile; fileRef = C73D1A5D299B819C00D3752F /* LaunchVC.swift */; };
		C73D1A60299B81A900D3752F /* BaseVC.swift in Sources */ = {isa = PBXBuildFile; fileRef = C73D1A5F299B81A900D3752F /* BaseVC.swift */; };
		C73D1A63299B829A00D3752F /* AppUtil.swift in Sources */ = {isa = PBXBuildFile; fileRef = C73D1A62299B829A00D3752F /* AppUtil.swift */; };
		C73D1A65299B840900D3752F /* HomeVC.swift in Sources */ = {isa = PBXBuildFile; fileRef = C73D1A64299B840900D3752F /* HomeVC.swift */; };
		C73D1A68299B8C5C00D3752F /* AppExt.swift in Sources */ = {isa = PBXBuildFile; fileRef = C73D1A67299B8C5C00D3752F /* AppExt.swift */; };
		C73D1A6A299C845200D3752F /* HomeVC+Action.swift in Sources */ = {isa = PBXBuildFile; fileRef = C73D1A69299C845200D3752F /* HomeVC+Action.swift */; };
		C73D1A6C299C860F00D3752F /* BrowserUtil.swift in Sources */ = {isa = PBXBuildFile; fileRef = C73D1A6B299C860F00D3752F /* BrowserUtil.swift */; };
		C73D1A6E299CB75500D3752F /* TabVC.swift in Sources */ = {isa = PBXBuildFile; fileRef = C73D1A6D299CB75500D3752F /* TabVC.swift */; };
		C73D1A72299CCB3A00D3752F /* SettingView.swift in Sources */ = {isa = PBXBuildFile; fileRef = C73D1A71299CCB3A00D3752F /* SettingView.swift */; };
		C73D1A74299CE10900D3752F /* HTMLVC.swift in Sources */ = {isa = PBXBuildFile; fileRef = C73D1A73299CE10900D3752F /* HTMLVC.swift */; };
		C73D1A76299CEB7A00D3752F /* AlertController.swift in Sources */ = {isa = PBXBuildFile; fileRef = C73D1A75299CEB7A00D3752F /* AlertController.swift */; };
		C73D1A78299CFF1F00D3752F /* CleanVC.swift in Sources */ = {isa = PBXBuildFile; fileRef = C73D1A77299CFF1F00D3752F /* CleanVC.swift */; };
		C73D1A86299DC72800D3752F /* FirebaseUtil.swift in Sources */ = {isa = PBXBuildFile; fileRef = C73D1A85299DC72800D3752F /* FirebaseUtil.swift */; };
		C73D1A8B299DCC8F00D3752F /* data.json in Resources */ = {isa = PBXBuildFile; fileRef = C73D1A8A299DCC8F00D3752F /* data.json */; };
		C76F177229A4599500820443 /* SnapKit in Frameworks */ = {isa = PBXBuildFile; productRef = C76F177129A4599500820443 /* SnapKit */; };
		C76F177529A459BD00820443 /* FacebookCore in Frameworks */ = {isa = PBXBuildFile; productRef = C76F177429A459BD00820443 /* FacebookCore */; };
		C76F177829A45A1900820443 /* FirebaseAnalytics in Frameworks */ = {isa = PBXBuildFile; productRef = C76F177729A45A1900820443 /* FirebaseAnalytics */; };
		C76F177A29A45A1900820443 /* FirebaseCrashlytics in Frameworks */ = {isa = PBXBuildFile; productRef = C76F177929A45A1900820443 /* FirebaseCrashlytics */; };
		C76F177C29A45A1900820443 /* FirebaseRemoteConfig in Frameworks */ = {isa = PBXBuildFile; productRef = C76F177B29A45A1900820443 /* FirebaseRemoteConfig */; };
		C76F177F29A45A5E00820443 /* Lottie in Frameworks */ = {isa = PBXBuildFile; productRef = C76F177E29A45A5E00820443 /* Lottie */; };
		C7D6D14129AD92210061BAF0 /* GoogleService-Info.plist in Resources */ = {isa = PBXBuildFile; fileRef = C7D6D14029AD92210061BAF0 /* GoogleService-Info.plist */; };
/* End PBXBuildFile section */

/* Begin PBXFileReference section */
		C73D1A42299B803100D3752F /* BetaBrowser.app */ = {isa = PBXFileReference; explicitFileType = wrapper.application; includeInIndex = 0; path = BetaBrowser.app; sourceTree = BUILT_PRODUCTS_DIR; };
		C73D1A45299B803100D3752F /* AppDelegate.swift */ = {isa = PBXFileReference; lastKnownFileType = sourcecode.swift; path = AppDelegate.swift; sourceTree = "<group>"; };
		C73D1A47299B803100D3752F /* SceneDelegate.swift */ = {isa = PBXFileReference; lastKnownFileType = sourcecode.swift; path = SceneDelegate.swift; sourceTree = "<group>"; };
		C73D1A49299B803100D3752F /* ViewController.swift */ = {isa = PBXFileReference; lastKnownFileType = sourcecode.swift; path = ViewController.swift; sourceTree = "<group>"; };
		C73D1A4C299B803100D3752F /* Base */ = {isa = PBXFileReference; lastKnownFileType = file.storyboard; name = Base; path = Base.lproj/Main.storyboard; sourceTree = "<group>"; };
		C73D1A4E299B803300D3752F /* Assets.xcassets */ = {isa = PBXFileReference; lastKnownFileType = folder.assetcatalog; path = Assets.xcassets; sourceTree = "<group>"; };
		C73D1A51299B803300D3752F /* Base */ = {isa = PBXFileReference; lastKnownFileType = file.storyboard; name = Base; path = Base.lproj/LaunchScreen.storyboard; sourceTree = "<group>"; };
		C73D1A53299B803300D3752F /* Info.plist */ = {isa = PBXFileReference; lastKnownFileType = text.plist.xml; path = Info.plist; sourceTree = "<group>"; };
		C73D1A5D299B819C00D3752F /* LaunchVC.swift */ = {isa = PBXFileReference; lastKnownFileType = sourcecode.swift; path = LaunchVC.swift; sourceTree = "<group>"; };
		C73D1A5F299B81A900D3752F /* BaseVC.swift */ = {isa = PBXFileReference; lastKnownFileType = sourcecode.swift; path = BaseVC.swift; sourceTree = "<group>"; };
		C73D1A62299B829A00D3752F /* AppUtil.swift */ = {isa = PBXFileReference; lastKnownFileType = sourcecode.swift; path = AppUtil.swift; sourceTree = "<group>"; };
		C73D1A64299B840900D3752F /* HomeVC.swift */ = {isa = PBXFileReference; lastKnownFileType = sourcecode.swift; path = HomeVC.swift; sourceTree = "<group>"; };
		C73D1A67299B8C5C00D3752F /* AppExt.swift */ = {isa = PBXFileReference; lastKnownFileType = sourcecode.swift; path = AppExt.swift; sourceTree = "<group>"; };
		C73D1A69299C845200D3752F /* HomeVC+Action.swift */ = {isa = PBXFileReference; lastKnownFileType = sourcecode.swift; path = "HomeVC+Action.swift"; sourceTree = "<group>"; };
		C73D1A6B299C860F00D3752F /* BrowserUtil.swift */ = {isa = PBXFileReference; lastKnownFileType = sourcecode.swift; path = BrowserUtil.swift; sourceTree = "<group>"; };
		C73D1A6D299CB75500D3752F /* TabVC.swift */ = {isa = PBXFileReference; lastKnownFileType = sourcecode.swift; path = TabVC.swift; sourceTree = "<group>"; };
		C73D1A71299CCB3A00D3752F /* SettingView.swift */ = {isa = PBXFileReference; lastKnownFileType = sourcecode.swift; path = SettingView.swift; sourceTree = "<group>"; };
		C73D1A73299CE10900D3752F /* HTMLVC.swift */ = {isa = PBXFileReference; lastKnownFileType = sourcecode.swift; path = HTMLVC.swift; sourceTree = "<group>"; };
		C73D1A75299CEB7A00D3752F /* AlertController.swift */ = {isa = PBXFileReference; lastKnownFileType = sourcecode.swift; path = AlertController.swift; sourceTree = "<group>"; };
		C73D1A77299CFF1F00D3752F /* CleanVC.swift */ = {isa = PBXFileReference; lastKnownFileType = sourcecode.swift; path = CleanVC.swift; sourceTree = "<group>"; };
		C73D1A85299DC72800D3752F /* FirebaseUtil.swift */ = {isa = PBXFileReference; lastKnownFileType = sourcecode.swift; path = FirebaseUtil.swift; sourceTree = "<group>"; };
		C73D1A8A299DCC8F00D3752F /* data.json */ = {isa = PBXFileReference; fileEncoding = 4; lastKnownFileType = text.json; path = data.json; sourceTree = "<group>"; };
		C7D6D14029AD92210061BAF0 /* GoogleService-Info.plist */ = {isa = PBXFileReference; fileEncoding = 4; lastKnownFileType = text.plist.xml; path = "GoogleService-Info.plist"; sourceTree = "<group>"; };
/* End PBXFileReference section */

/* Begin PBXFrameworksBuildPhase section */
		C73D1A3F299B803100D3752F /* Frameworks */ = {
			isa = PBXFrameworksBuildPhase;
			buildActionMask = 2147483647;
			files = (
				C76F177229A4599500820443 /* SnapKit in Frameworks */,
				C76F177A29A45A1900820443 /* FirebaseCrashlytics in Frameworks */,
				C76F177529A459BD00820443 /* FacebookCore in Frameworks */,
				C76F177829A45A1900820443 /* FirebaseAnalytics in Frameworks */,
				C76F177C29A45A1900820443 /* FirebaseRemoteConfig in Frameworks */,
				C76F177F29A45A5E00820443 /* Lottie in Frameworks */,
			);
			runOnlyForDeploymentPostprocessing = 0;
		};
/* End PBXFrameworksBuildPhase section */

/* Begin PBXGroup section */
		C73D1A39299B803100D3752F = {
			isa = PBXGroup;
			children = (
				C73D1A44299B803100D3752F /* BetaBrowser */,
				C73D1A43299B803100D3752F /* Products */,
			);
			sourceTree = "<group>";
		};
		C73D1A43299B803100D3752F /* Products */ = {
			isa = PBXGroup;
			children = (
				C73D1A42299B803100D3752F /* BetaBrowser.app */,
			);
			name = Products;
			sourceTree = "<group>";
		};
		C73D1A44299B803100D3752F /* BetaBrowser */ = {
			isa = PBXGroup;
			children = (
				C73D1A66299B8C3500D3752F /* Extension */,
				C73D1A61299B828F00D3752F /* Util */,
				C73D1A5C299B818B00D3752F /* Controller */,
				C73D1A45299B803100D3752F /* AppDelegate.swift */,
				C7D6D14029AD92210061BAF0 /* GoogleService-Info.plist */,
				C73D1A47299B803100D3752F /* SceneDelegate.swift */,
				C73D1A49299B803100D3752F /* ViewController.swift */,
				C73D1A4B299B803100D3752F /* Main.storyboard */,
				C73D1A8A299DCC8F00D3752F /* data.json */,
				C73D1A4E299B803300D3752F /* Assets.xcassets */,
				C73D1A50299B803300D3752F /* LaunchScreen.storyboard */,
				C73D1A53299B803300D3752F /* Info.plist */,
			);
			path = BetaBrowser;
			sourceTree = "<group>";
		};
		C73D1A5C299B818B00D3752F /* Controller */ = {
			isa = PBXGroup;
			children = (
				C73D1A5F299B81A900D3752F /* BaseVC.swift */,
				C73D1A5D299B819C00D3752F /* LaunchVC.swift */,
				C73D1A64299B840900D3752F /* HomeVC.swift */,
				C73D1A69299C845200D3752F /* HomeVC+Action.swift */,
				C73D1A6D299CB75500D3752F /* TabVC.swift */,
				C73D1A77299CFF1F00D3752F /* CleanVC.swift */,
				C73D1A71299CCB3A00D3752F /* SettingView.swift */,
				C73D1A73299CE10900D3752F /* HTMLVC.swift */,
				C73D1A75299CEB7A00D3752F /* AlertController.swift */,
			);
			path = Controller;
			sourceTree = "<group>";
		};
		C73D1A61299B828F00D3752F /* Util */ = {
			isa = PBXGroup;
			children = (
				C73D1A62299B829A00D3752F /* AppUtil.swift */,
				C73D1A6B299C860F00D3752F /* BrowserUtil.swift */,
				C73D1A85299DC72800D3752F /* FirebaseUtil.swift */,
			);
			path = Util;
			sourceTree = "<group>";
		};
		C73D1A66299B8C3500D3752F /* Extension */ = {
			isa = PBXGroup;
			children = (
				C73D1A67299B8C5C00D3752F /* AppExt.swift */,
			);
			path = Extension;
			sourceTree = "<group>";
		};
/* End PBXGroup section */

/* Begin PBXNativeTarget section */
		C73D1A41299B803100D3752F /* BetaBrowser */ = {
			isa = PBXNativeTarget;
			buildConfigurationList = C73D1A56299B803300D3752F /* Build configuration list for PBXNativeTarget "BetaBrowser" */;
			buildPhases = (
				C73D1A3E299B803100D3752F /* Sources */,
				C73D1A3F299B803100D3752F /* Frameworks */,
				C73D1A40299B803100D3752F /* Resources */,
			);
			buildRules = (
			);
			dependencies = (
			);
			name = BetaBrowser;
			packageProductDependencies = (
				C76F177129A4599500820443 /* SnapKit */,
				C76F177429A459BD00820443 /* FacebookCore */,
				C76F177729A45A1900820443 /* FirebaseAnalytics */,
				C76F177929A45A1900820443 /* FirebaseCrashlytics */,
				C76F177B29A45A1900820443 /* FirebaseRemoteConfig */,
				C76F177E29A45A5E00820443 /* Lottie */,
			);
			productName = BetaBrowser;
			productReference = C73D1A42299B803100D3752F /* BetaBrowser.app */;
			productType = "com.apple.product-type.application";
		};
/* End PBXNativeTarget section */

/* Begin PBXProject section */
		C73D1A3A299B803100D3752F /* Project object */ = {
			isa = PBXProject;
			attributes = {
				BuildIndependentTargetsInParallel = 1;
				LastSwiftUpdateCheck = 1420;
				LastUpgradeCheck = 1420;
				TargetAttributes = {
					C73D1A41299B803100D3752F = {
						CreatedOnToolsVersion = 14.2;
					};
				};
			};
			buildConfigurationList = C73D1A3D299B803100D3752F /* Build configuration list for PBXProject "BetaBrowser" */;
			compatibilityVersion = "Xcode 14.0";
			developmentRegion = en;
			hasScannedForEncodings = 0;
			knownRegions = (
				en,
				Base,
			);
			mainGroup = C73D1A39299B803100D3752F;
			packageReferences = (
				C76F177029A4599500820443 /* XCRemoteSwiftPackageReference "SnapKit" */,
				C76F177329A459BD00820443 /* XCRemoteSwiftPackageReference "facebook-ios-sdk" */,
				C76F177629A45A1900820443 /* XCRemoteSwiftPackageReference "firebase-ios-sdk" */,
				C76F177D29A45A5D00820443 /* XCRemoteSwiftPackageReference "lottie-ios" */,
			);
			productRefGroup = C73D1A43299B803100D3752F /* Products */;
			projectDirPath = "";
			projectRoot = "";
			targets = (
				C73D1A41299B803100D3752F /* BetaBrowser */,
			);
		};
/* End PBXProject section */

/* Begin PBXResourcesBuildPhase section */
		C73D1A40299B803100D3752F /* Resources */ = {
			isa = PBXResourcesBuildPhase;
			buildActionMask = 2147483647;
			files = (
				C73D1A52299B803300D3752F /* LaunchScreen.storyboard in Resources */,
				C73D1A4F299B803300D3752F /* Assets.xcassets in Resources */,
				C7D6D14129AD92210061BAF0 /* GoogleService-Info.plist in Resources */,
				C73D1A4D299B803100D3752F /* Main.storyboard in Resources */,
				C73D1A8B299DCC8F00D3752F /* data.json in Resources */,
			);
			runOnlyForDeploymentPostprocessing = 0;
		};
/* End PBXResourcesBuildPhase section */

/* Begin PBXSourcesBuildPhase section */
		C73D1A3E299B803100D3752F /* Sources */ = {
			isa = PBXSourcesBuildPhase;
			buildActionMask = 2147483647;
			files = (
				C73D1A4A299B803100D3752F /* ViewController.swift in Sources */,
				C73D1A68299B8C5C00D3752F /* AppExt.swift in Sources */,
				C73D1A65299B840900D3752F /* HomeVC.swift in Sources */,
				C73D1A78299CFF1F00D3752F /* CleanVC.swift in Sources */,
				C73D1A6A299C845200D3752F /* HomeVC+Action.swift in Sources */,
				C73D1A76299CEB7A00D3752F /* AlertController.swift in Sources */,
				C73D1A5E299B819C00D3752F /* LaunchVC.swift in Sources */,
				C73D1A74299CE10900D3752F /* HTMLVC.swift in Sources */,
				C73D1A6E299CB75500D3752F /* TabVC.swift in Sources */,
				C73D1A46299B803100D3752F /* AppDelegate.swift in Sources */,
				C73D1A6C299C860F00D3752F /* BrowserUtil.swift in Sources */,
				C73D1A63299B829A00D3752F /* AppUtil.swift in Sources */,
				C73D1A86299DC72800D3752F /* FirebaseUtil.swift in Sources */,
				C73D1A72299CCB3A00D3752F /* SettingView.swift in Sources */,
				C73D1A48299B803100D3752F /* SceneDelegate.swift in Sources */,
				C73D1A60299B81A900D3752F /* BaseVC.swift in Sources */,
			);
			runOnlyForDeploymentPostprocessing = 0;
		};
/* End PBXSourcesBuildPhase section */

/* Begin PBXVariantGroup section */
		C73D1A4B299B803100D3752F /* Main.storyboard */ = {
			isa = PBXVariantGroup;
			children = (
				C73D1A4C299B803100D3752F /* Base */,
			);
			name = Main.storyboard;
			sourceTree = "<group>";
		};
		C73D1A50299B803300D3752F /* LaunchScreen.storyboard */ = {
			isa = PBXVariantGroup;
			children = (
				C73D1A51299B803300D3752F /* Base */,
			);
			name = LaunchScreen.storyboard;
			sourceTree = "<group>";
		};
/* End PBXVariantGroup section */

/* Begin XCBuildConfiguration section */
		C73D1A54299B803300D3752F /* Debug */ = {
			isa = XCBuildConfiguration;
			buildSettings = {
				ALWAYS_SEARCH_USER_PATHS = NO;
				CLANG_ANALYZER_NONNULL = YES;
				CLANG_ANALYZER_NUMBER_OBJECT_CONVERSION = YES_AGGRESSIVE;
				CLANG_CXX_LANGUAGE_STANDARD = "gnu++20";
				CLANG_ENABLE_MODULES = YES;
				CLANG_ENABLE_OBJC_ARC = YES;
				CLANG_ENABLE_OBJC_WEAK = YES;
				CLANG_WARN_BLOCK_CAPTURE_AUTORELEASING = YES;
				CLANG_WARN_BOOL_CONVERSION = YES;
				CLANG_WARN_COMMA = YES;
				CLANG_WARN_CONSTANT_CONVERSION = YES;
				CLANG_WARN_DEPRECATED_OBJC_IMPLEMENTATIONS = YES;
				CLANG_WARN_DIRECT_OBJC_ISA_USAGE = YES_ERROR;
				CLANG_WARN_DOCUMENTATION_COMMENTS = YES;
				CLANG_WARN_EMPTY_BODY = YES;
				CLANG_WARN_ENUM_CONVERSION = YES;
				CLANG_WARN_INFINITE_RECURSION = YES;
				CLANG_WARN_INT_CONVERSION = YES;
				CLANG_WARN_NON_LITERAL_NULL_CONVERSION = YES;
				CLANG_WARN_OBJC_IMPLICIT_RETAIN_SELF = YES;
				CLANG_WARN_OBJC_LITERAL_CONVERSION = YES;
				CLANG_WARN_OBJC_ROOT_CLASS = YES_ERROR;
				CLANG_WARN_QUOTED_INCLUDE_IN_FRAMEWORK_HEADER = YES;
				CLANG_WARN_RANGE_LOOP_ANALYSIS = YES;
				CLANG_WARN_STRICT_PROTOTYPES = YES;
				CLANG_WARN_SUSPICIOUS_MOVE = YES;
				CLANG_WARN_UNGUARDED_AVAILABILITY = YES_AGGRESSIVE;
				CLANG_WARN_UNREACHABLE_CODE = YES;
				CLANG_WARN__DUPLICATE_METHOD_MATCH = YES;
				COPY_PHASE_STRIP = NO;
				DEBUG_INFORMATION_FORMAT = dwarf;
				ENABLE_STRICT_OBJC_MSGSEND = YES;
				ENABLE_TESTABILITY = YES;
				GCC_C_LANGUAGE_STANDARD = gnu11;
				GCC_DYNAMIC_NO_PIC = NO;
				GCC_NO_COMMON_BLOCKS = YES;
				GCC_OPTIMIZATION_LEVEL = 0;
				GCC_PREPROCESSOR_DEFINITIONS = (
					"DEBUG=1",
					"$(inherited)",
				);
				GCC_WARN_64_TO_32_BIT_CONVERSION = YES;
				GCC_WARN_ABOUT_RETURN_TYPE = YES_ERROR;
				GCC_WARN_UNDECLARED_SELECTOR = YES;
				GCC_WARN_UNINITIALIZED_AUTOS = YES_AGGRESSIVE;
				GCC_WARN_UNUSED_FUNCTION = YES;
				GCC_WARN_UNUSED_VARIABLE = YES;
				IPHONEOS_DEPLOYMENT_TARGET = 14.0;
				MTL_ENABLE_DEBUG_INFO = INCLUDE_SOURCE;
				MTL_FAST_MATH = YES;
				ONLY_ACTIVE_ARCH = YES;
				SDKROOT = iphoneos;
				SWIFT_ACTIVE_COMPILATION_CONDITIONS = DEBUG;
				SWIFT_OPTIMIZATION_LEVEL = "-Onone";
			};
			name = Debug;
		};
		C73D1A55299B803300D3752F /* Release */ = {
			isa = XCBuildConfiguration;
			buildSettings = {
				ALWAYS_SEARCH_USER_PATHS = NO;
				CLANG_ANALYZER_NONNULL = YES;
				CLANG_ANALYZER_NUMBER_OBJECT_CONVERSION = YES_AGGRESSIVE;
				CLANG_CXX_LANGUAGE_STANDARD = "gnu++20";
				CLANG_ENABLE_MODULES = YES;
				CLANG_ENABLE_OBJC_ARC = YES;
				CLANG_ENABLE_OBJC_WEAK = YES;
				CLANG_WARN_BLOCK_CAPTURE_AUTORELEASING = YES;
				CLANG_WARN_BOOL_CONVERSION = YES;
				CLANG_WARN_COMMA = YES;
				CLANG_WARN_CONSTANT_CONVERSION = YES;
				CLANG_WARN_DEPRECATED_OBJC_IMPLEMENTATIONS = YES;
				CLANG_WARN_DIRECT_OBJC_ISA_USAGE = YES_ERROR;
				CLANG_WARN_DOCUMENTATION_COMMENTS = YES;
				CLANG_WARN_EMPTY_BODY = YES;
				CLANG_WARN_ENUM_CONVERSION = YES;
				CLANG_WARN_INFINITE_RECURSION = YES;
				CLANG_WARN_INT_CONVERSION = YES;
				CLANG_WARN_NON_LITERAL_NULL_CONVERSION = YES;
				CLANG_WARN_OBJC_IMPLICIT_RETAIN_SELF = YES;
				CLANG_WARN_OBJC_LITERAL_CONVERSION = YES;
				CLANG_WARN_OBJC_ROOT_CLASS = YES_ERROR;
				CLANG_WARN_QUOTED_INCLUDE_IN_FRAMEWORK_HEADER = YES;
				CLANG_WARN_RANGE_LOOP_ANALYSIS = YES;
				CLANG_WARN_STRICT_PROTOTYPES = YES;
				CLANG_WARN_SUSPICIOUS_MOVE = YES;
				CLANG_WARN_UNGUARDED_AVAILABILITY = YES_AGGRESSIVE;
				CLANG_WARN_UNREACHABLE_CODE = YES;
				CLANG_WARN__DUPLICATE_METHOD_MATCH = YES;
				COPY_PHASE_STRIP = NO;
				DEBUG_INFORMATION_FORMAT = "dwarf-with-dsym";
				ENABLE_NS_ASSERTIONS = NO;
				ENABLE_STRICT_OBJC_MSGSEND = YES;
				GCC_C_LANGUAGE_STANDARD = gnu11;
				GCC_NO_COMMON_BLOCKS = YES;
				GCC_WARN_64_TO_32_BIT_CONVERSION = YES;
				GCC_WARN_ABOUT_RETURN_TYPE = YES_ERROR;
				GCC_WARN_UNDECLARED_SELECTOR = YES;
				GCC_WARN_UNINITIALIZED_AUTOS = YES_AGGRESSIVE;
				GCC_WARN_UNUSED_FUNCTION = YES;
				GCC_WARN_UNUSED_VARIABLE = YES;
				IPHONEOS_DEPLOYMENT_TARGET = 14.0;
				MTL_ENABLE_DEBUG_INFO = NO;
				MTL_FAST_MATH = YES;
				SDKROOT = iphoneos;
				SWIFT_COMPILATION_MODE = wholemodule;
				SWIFT_OPTIMIZATION_LEVEL = "-O";
				VALIDATE_PRODUCT = YES;
			};
			name = Release;
		};
		C73D1A57299B803300D3752F /* Debug */ = {
			isa = XCBuildConfiguration;
			buildSettings = {
				ASSETCATALOG_COMPILER_APPICON_NAME = AppIcon;
				ASSETCATALOG_COMPILER_GLOBAL_ACCENT_COLOR_NAME = AccentColor;
				CODE_SIGN_STYLE = Automatic;
				CURRENT_PROJECT_VERSION = 1;
				DEVELOPMENT_TEAM = "";
				GENERATE_INFOPLIST_FILE = YES;
				INFOPLIST_FILE = BetaBrowser/Info.plist;
				INFOPLIST_KEY_NSUserTrackingUsageDescription = "Please allow access to your activity tracking to provide personalized push services and reduce interference caused by irrelevant services.";
				INFOPLIST_KEY_UIApplicationSupportsIndirectInputEvents = YES;
				INFOPLIST_KEY_UILaunchStoryboardName = LaunchScreen.storyboard;
				INFOPLIST_KEY_UIMainStoryboardFile = Main;
				INFOPLIST_KEY_UISupportedInterfaceOrientations = UIInterfaceOrientationPortrait;
				INFOPLIST_KEY_UISupportedInterfaceOrientations_iPad = "UIInterfaceOrientationLandscapeLeft UIInterfaceOrientationLandscapeRight UIInterfaceOrientationPortrait UIInterfaceOrientationPortraitUpsideDown";
				INFOPLIST_KEY_UIUserInterfaceStyle = Light;
				INFOPLIST_OUTPUT_FORMAT = binary;
				IPHONEOS_DEPLOYMENT_TARGET = 14.0;
				LD_RUNPATH_SEARCH_PATHS = (
					"$(inherited)",
					"@executable_path/Frameworks",
				);
				MARKETING_VERSION = 1.0;
				PRODUCT_BUNDLE_IDENTIFIER = com.BetaBrowser.gocod.girl.boy;
				PRODUCT_NAME = "$(TARGET_NAME)";
				SUPPORTED_PLATFORMS = "iphoneos iphonesimulator";
				SUPPORTS_MACCATALYST = NO;
				SUPPORTS_MAC_DESIGNED_FOR_IPHONE_IPAD = YES;
				SWIFT_EMIT_LOC_STRINGS = YES;
				SWIFT_VERSION = 5.0;
				TARGETED_DEVICE_FAMILY = 1;
			};
			name = Debug;
		};
		C73D1A58299B803300D3752F /* Release */ = {
			isa = XCBuildConfiguration;
			buildSettings = {
				ASSETCATALOG_COMPILER_APPICON_NAME = AppIcon;
				ASSETCATALOG_COMPILER_GLOBAL_ACCENT_COLOR_NAME = AccentColor;
				CODE_SIGN_STYLE = Automatic;
				CURRENT_PROJECT_VERSION = 1;
				DEVELOPMENT_TEAM = "";
				GENERATE_INFOPLIST_FILE = YES;
				INFOPLIST_FILE = BetaBrowser/Info.plist;
				INFOPLIST_KEY_NSUserTrackingUsageDescription = "Please allow access to your activity tracking to provide personalized push services and reduce interference caused by irrelevant services.";
				INFOPLIST_KEY_UIApplicationSupportsIndirectInputEvents = YES;
				INFOPLIST_KEY_UILaunchStoryboardName = LaunchScreen.storyboard;
				INFOPLIST_KEY_UIMainStoryboardFile = Main;
				INFOPLIST_KEY_UISupportedInterfaceOrientations = UIInterfaceOrientationPortrait;
				INFOPLIST_KEY_UISupportedInterfaceOrientations_iPad = "UIInterfaceOrientationLandscapeLeft UIInterfaceOrientationLandscapeRight UIInterfaceOrientationPortrait UIInterfaceOrientationPortraitUpsideDown";
				INFOPLIST_KEY_UIUserInterfaceStyle = Light;
				INFOPLIST_OUTPUT_FORMAT = binary;
				IPHONEOS_DEPLOYMENT_TARGET = 14.0;
				LD_RUNPATH_SEARCH_PATHS = (
					"$(inherited)",
					"@executable_path/Frameworks",
				);
				MARKETING_VERSION = 1.0;
				PRODUCT_BUNDLE_IDENTIFIER = com.BetaBrowser.gocod.girl.boy;
				PRODUCT_NAME = "$(TARGET_NAME)";
				SUPPORTED_PLATFORMS = "iphoneos iphonesimulator";
				SUPPORTS_MACCATALYST = NO;
				SUPPORTS_MAC_DESIGNED_FOR_IPHONE_IPAD = YES;
				SWIFT_EMIT_LOC_STRINGS = YES;
				SWIFT_VERSION = 5.0;
				TARGETED_DEVICE_FAMILY = 1;
			};
			name = Release;
		};
/* End XCBuildConfiguration section */

/* Begin XCConfigurationList section */
		C73D1A3D299B803100D3752F /* Build configuration list for PBXProject "BetaBrowser" */ = {
			isa = XCConfigurationList;
			buildConfigurations = (
				C73D1A54299B803300D3752F /* Debug */,
				C73D1A55299B803300D3752F /* Release */,
			);
			defaultConfigurationIsVisible = 0;
			defaultConfigurationName = Release;
		};
		C73D1A56299B803300D3752F /* Build configuration list for PBXNativeTarget "BetaBrowser" */ = {
			isa = XCConfigurationList;
			buildConfigurations = (
				C73D1A57299B803300D3752F /* Debug */,
				C73D1A58299B803300D3752F /* Release */,
			);
			defaultConfigurationIsVisible = 0;
			defaultConfigurationName = Release;
		};
/* End XCConfigurationList section */

/* Begin XCRemoteSwiftPackageReference section */
		C76F177029A4599500820443 /* XCRemoteSwiftPackageReference "SnapKit" */ = {
			isa = XCRemoteSwiftPackageReference;
			repositoryURL = "https://github.com/SnapKit/SnapKit.git";
			requirement = {
				branch = develop;
				kind = branch;
			};
		};
		C76F177329A459BD00820443 /* XCRemoteSwiftPackageReference "facebook-ios-sdk" */ = {
			isa = XCRemoteSwiftPackageReference;
			repositoryURL = "https://github.com/facebook/facebook-ios-sdk";
			requirement = {
				kind = upToNextMajorVersion;
				minimumVersion = 9.0.0;
			};
		};
		C76F177629A45A1900820443 /* XCRemoteSwiftPackageReference "firebase-ios-sdk" */ = {
			isa = XCRemoteSwiftPackageReference;
			repositoryURL = "https://github.com/firebase/firebase-ios-sdk";
			requirement = {
				kind = upToNextMajorVersion;
				minimumVersion = 9.0.0;
			};
		};
		C76F177D29A45A5D00820443 /* XCRemoteSwiftPackageReference "lottie-ios" */ = {
			isa = XCRemoteSwiftPackageReference;
			repositoryURL = "https://github.com/airbnb/lottie-ios";
			requirement = {
				kind = upToNextMajorVersion;
				minimumVersion = 4.0.0;
			};
		};
/* End XCRemoteSwiftPackageReference section */

/* Begin XCSwiftPackageProductDependency section */
		C76F177129A4599500820443 /* SnapKit */ = {
			isa = XCSwiftPackageProductDependency;
			package = C76F177029A4599500820443 /* XCRemoteSwiftPackageReference "SnapKit" */;
			productName = SnapKit;
		};
		C76F177429A459BD00820443 /* FacebookCore */ = {
			isa = XCSwiftPackageProductDependency;
			package = C76F177329A459BD00820443 /* XCRemoteSwiftPackageReference "facebook-ios-sdk" */;
			productName = FacebookCore;
		};
		C76F177729A45A1900820443 /* FirebaseAnalytics */ = {
			isa = XCSwiftPackageProductDependency;
			package = C76F177629A45A1900820443 /* XCRemoteSwiftPackageReference "firebase-ios-sdk" */;
			productName = FirebaseAnalytics;
		};
		C76F177929A45A1900820443 /* FirebaseCrashlytics */ = {
			isa = XCSwiftPackageProductDependency;
			package = C76F177629A45A1900820443 /* XCRemoteSwiftPackageReference "firebase-ios-sdk" */;
			productName = FirebaseCrashlytics;
		};
		C76F177B29A45A1900820443 /* FirebaseRemoteConfig */ = {
			isa = XCSwiftPackageProductDependency;
			package = C76F177629A45A1900820443 /* XCRemoteSwiftPackageReference "firebase-ios-sdk" */;
			productName = FirebaseRemoteConfig;
		};
		C76F177E29A45A5E00820443 /* Lottie */ = {
			isa = XCSwiftPackageProductDependency;
			package = C76F177D29A45A5D00820443 /* XCRemoteSwiftPackageReference "lottie-ios" */;
			productName = Lottie;
		};
/* End XCSwiftPackageProductDependency section */
	};
	rootObject = C73D1A3A299B803100D3752F /* Project object */;
}
